// !$*UTF8*$!
{
	archiveVersion = 1;
	classes = {
	};
	objectVersion = 46;
	objects = {

/* Begin PBXBuildFile section */
		0415EAFB1ABB02D8007FD950 /* main.m in Sources */ = {isa = PBXBuildFile; fileRef = 0415EAFA1ABB02D8007FD950 /* main.m */; };
		0415EAFE1ABB02D8007FD950 /* AppDelegate.m in Sources */ = {isa = PBXBuildFile; fileRef = 0415EAFD1ABB02D8007FD950 /* AppDelegate.m */; };
		0415EB011ABB02D9007FD950 /* ViewController.m in Sources */ = {isa = PBXBuildFile; fileRef = 0415EB001ABB02D9007FD950 /* ViewController.m */; };
		0415EB041ABB02D9007FD950 /* Main.storyboard in Resources */ = {isa = PBXBuildFile; fileRef = 0415EB021ABB02D9007FD950 /* Main.storyboard */; };
		0415EB061ABB02D9007FD950 /* Images.xcassets in Resources */ = {isa = PBXBuildFile; fileRef = 0415EB051ABB02D9007FD950 /* Images.xcassets */; };
		0415EB091ABB02D9007FD950 /* LaunchScreen.xib in Resources */ = {isa = PBXBuildFile; fileRef = 0415EB071ABB02D9007FD950 /* LaunchScreen.xib */; };
		0415EB151ABB02D9007FD950 /* VoiceChatTests.m in Sources */ = {isa = PBXBuildFile; fileRef = 0415EB141ABB02D9007FD950 /* VoiceChatTests.m */; };
		042819B61ABBDCD2006BAF0A /* PhoneNumberViewController.m in Sources */ = {isa = PBXBuildFile; fileRef = 042819B51ABBDCD2006BAF0A /* PhoneNumberViewController.m */; };
		042819B91ABBDCE4006BAF0A /* VerificationViewController.m in Sources */ = {isa = PBXBuildFile; fileRef = 042819B81ABBDCE4006BAF0A /* VerificationViewController.m */; };
		0449AE6F1AC3D15D0006B770 /* list.png in Resources */ = {isa = PBXBuildFile; fileRef = 0449AE6E1AC3D15D0006B770 /* list.png */; };
		046C34061AEF776200C095BD /* Bab.jpg in Resources */ = {isa = PBXBuildFile; fileRef = 046C34051AEF776200C095BD /* Bab.jpg */; };
		046C34081AEF77A400C095BD /* Rat.jpg in Resources */ = {isa = PBXBuildFile; fileRef = 046C34071AEF77A400C095BD /* Rat.jpg */; };
		046C340A1AEF77AE00C095BD /* Ghost.jpg in Resources */ = {isa = PBXBuildFile; fileRef = 046C34091AEF77AE00C095BD /* Ghost.jpg */; };
		046C340C1AEF77B700C095BD /* Man.jpg in Resources */ = {isa = PBXBuildFile; fileRef = 046C340B1AEF77B700C095BD /* Man.jpg */; };
		046C340E1AEF77C200C095BD /* Parrot.jpg in Resources */ = {isa = PBXBuildFile; fileRef = 046C340D1AEF77C200C095BD /* Parrot.jpg */; };
		046C34101AEF86C400C095BD /* Cat.jpg in Resources */ = {isa = PBXBuildFile; fileRef = 046C340F1AEF86C400C095BD /* Cat.jpg */; };
		046C34121AEF86D000C095BD /* Chipmunk.jpg in Resources */ = {isa = PBXBuildFile; fileRef = 046C34111AEF86D000C095BD /* Chipmunk.jpg */; };
		046C34161AEF989F00C095BD /* Main_Orginal.storyboard in Resources */ = {isa = PBXBuildFile; fileRef = 046C34141AEF989F00C095BD /* Main_Orginal.storyboard */; };
		046C34191AEFA24000C095BD /* UIImage+animatedGIF.m in Sources */ = {isa = PBXBuildFile; fileRef = 046C34181AEFA24000C095BD /* UIImage+animatedGIF.m */; };
		046C34371AEFA2E300C095BD /* baby listening.gif in Resources */ = {isa = PBXBuildFile; fileRef = 046C341C1AEFA2E300C095BD /* baby listening.gif */; };
		046C34381AEFA2E300C095BD /* baby talking.gif in Resources */ = {isa = PBXBuildFile; fileRef = 046C341D1AEFA2E300C095BD /* baby talking.gif */; };
		046C34391AEFA2E300C095BD /* babywalking.gif in Resources */ = {isa = PBXBuildFile; fileRef = 046C341E1AEFA2E300C095BD /* babywalking.gif */; };
		046C343A1AEFA2E300C095BD /* CAT SHAKIN EARS.gif in Resources */ = {isa = PBXBuildFile; fileRef = 046C34201AEFA2E300C095BD /* CAT SHAKIN EARS.gif */; };
		046C343B1AEFA2E300C095BD /* LISTNIN CAT.gif in Resources */ = {isa = PBXBuildFile; fileRef = 046C34211AEFA2E300C095BD /* LISTNIN CAT.gif */; };
		046C343C1AEFA2E300C095BD /* TALKIN CAT.gif in Resources */ = {isa = PBXBuildFile; fileRef = 046C34221AEFA2E300C095BD /* TALKIN CAT.gif */; };
		046C343D1AEFA2E300C095BD /* CHIP TALKIN.gif in Resources */ = {isa = PBXBuildFile; fileRef = 046C34241AEFA2E300C095BD /* CHIP TALKIN.gif */; };
		046C343E1AEFA2E300C095BD /* chipmunk heaRING.gif in Resources */ = {isa = PBXBuildFile; fileRef = 046C34251AEFA2E300C095BD /* chipmunk heaRING.gif */; };
		046C343F1AEFA2E300C095BD /* chipmunk sleepijn.gif in Resources */ = {isa = PBXBuildFile; fileRef = 046C34261AEFA2E300C095BD /* chipmunk sleepijn.gif */; };
		046C34401AEFA2E300C095BD /* drunk man listening.gif in Resources */ = {isa = PBXBuildFile; fileRef = 046C34281AEFA2E300C095BD /* drunk man listening.gif */; };
		046C34411AEFA2E300C095BD /* drunk man thallaadifying.gif in Resources */ = {isa = PBXBuildFile; fileRef = 046C34291AEFA2E300C095BD /* drunk man thallaadifying.gif */; };
		046C34421AEFA2E300C095BD /* man speakin.gif in Resources */ = {isa = PBXBuildFile; fileRef = 046C342A1AEFA2E300C095BD /* man speakin.gif */; };
		046C34431AEFA2E300C095BD /* ghost listenng.gif in Resources */ = {isa = PBXBuildFile; fileRef = 046C342C1AEFA2E300C095BD /* ghost listenng.gif */; };
		046C34441AEFA2E300C095BD /* ghost roaming.gif in Resources */ = {isa = PBXBuildFile; fileRef = 046C342D1AEFA2E300C095BD /* ghost roaming.gif */; };
		046C34451AEFA2E300C095BD /* ghost talkihn.gif in Resources */ = {isa = PBXBuildFile; fileRef = 046C342E1AEFA2E300C095BD /* ghost talkihn.gif */; };
		046C34461AEFA2E300C095BD /* mouse eating.gif in Resources */ = {isa = PBXBuildFile; fileRef = 046C34301AEFA2E300C095BD /* mouse eating.gif */; };
		046C34471AEFA2E300C095BD /* mouse listening.gif in Resources */ = {isa = PBXBuildFile; fileRef = 046C34311AEFA2E300C095BD /* mouse listening.gif */; };
		046C34481AEFA2E300C095BD /* mouse speakin.gif in Resources */ = {isa = PBXBuildFile; fileRef = 046C34321AEFA2E300C095BD /* mouse speakin.gif */; };
		046C34491AEFA2E300C095BD /* parrot listening.gif in Resources */ = {isa = PBXBuildFile; fileRef = 046C34341AEFA2E300C095BD /* parrot listening.gif */; };
		046C344A1AEFA2E300C095BD /* parrot reading.gif in Resources */ = {isa = PBXBuildFile; fileRef = 046C34351AEFA2E300C095BD /* parrot reading.gif */; };
		046C344B1AEFA2E300C095BD /* parrot talking.gif in Resources */ = {isa = PBXBuildFile; fileRef = 046C34361AEFA2E300C095BD /* parrot talking.gif */; };
		046FB3671AE7806E005A1416 /* RestCall.m in Sources */ = {isa = PBXBuildFile; fileRef = 046FB3641AE7806E005A1416 /* RestCall.m */; };
		046FB3681AE7806E005A1416 /* URLConnection.m in Sources */ = {isa = PBXBuildFile; fileRef = 046FB3661AE7806E005A1416 /* URLConnection.m */; };
		046FB36D1AE78928005A1416 /* Utils.m in Sources */ = {isa = PBXBuildFile; fileRef = 046FB36C1AE78928005A1416 /* Utils.m */; };
		04F935D91AC9812A00C4B064 /* detail.png in Resources */ = {isa = PBXBuildFile; fileRef = 04F935D81AC9812A00C4B064 /* detail.png */; };
		04F935DB1AC9815000C4B064 /* ic_arrow_left.png in Resources */ = {isa = PBXBuildFile; fileRef = 04F935DA1AC9815000C4B064 /* ic_arrow_left.png */; };
		04F935DD1AC9820F00C4B064 /* Profile-hdpi.png in Resources */ = {isa = PBXBuildFile; fileRef = 04F935DC1AC9820F00C4B064 /* Profile-hdpi.png */; };
		04F935DF1AC9829700C4B064 /* menu-4.png in Resources */ = {isa = PBXBuildFile; fileRef = 04F935DE1AC9829700C4B064 /* menu-4.png */; };
		04F935E21AC9835E00C4B064 /* ContactViewController.m in Sources */ = {isa = PBXBuildFile; fileRef = 04F935E11AC9835E00C4B064 /* ContactViewController.m */; };
		04FCD7F61AC2F0460025C1C2 /* ChatViewController.m in Sources */ = {isa = PBXBuildFile; fileRef = 04FCD7F51AC2F0460025C1C2 /* ChatViewController.m */; };
		50DB7BE41AF261D7005473E7 /* FMDatabaseQueue.m in Sources */ = {isa = PBXBuildFile; fileRef = 50DB7BD91AF261D7005473E7 /* FMDatabaseQueue.m */; };
		50DB7BE51AF261D7005473E7 /* FMDatabasePool.m in Sources */ = {isa = PBXBuildFile; fileRef = 50DB7BDB1AF261D7005473E7 /* FMDatabasePool.m */; };
		50DB7BE61AF261D7005473E7 /* FMDatabase.m in Sources */ = {isa = PBXBuildFile; fileRef = 50DB7BDD1AF261D7005473E7 /* FMDatabase.m */; };
		50DB7BE71AF261D7005473E7 /* FMResultSet.m in Sources */ = {isa = PBXBuildFile; fileRef = 50DB7BDF1AF261D7005473E7 /* FMResultSet.m */; };
		50DB7BE81AF261D7005473E7 /* FMDatabaseAdditions.m in Sources */ = {isa = PBXBuildFile; fileRef = 50DB7BE11AF261D7005473E7 /* FMDatabaseAdditions.m */; };
		50DB7BE91AF261D7005473E7 /* FMDatabase+InMemoryOnDiskIO.m in Sources */ = {isa = PBXBuildFile; fileRef = 50DB7BE31AF261D7005473E7 /* FMDatabase+InMemoryOnDiskIO.m */; };
		50DB7BEB1AF261E3005473E7 /* Voice_DB.sqlite in Resources */ = {isa = PBXBuildFile; fileRef = 50DB7BEA1AF261E3005473E7 /* Voice_DB.sqlite */; };
		50DB7BEE1AF261EC005473E7 /* DBhelper.m in Sources */ = {isa = PBXBuildFile; fileRef = 50DB7BED1AF261EC005473E7 /* DBhelper.m */; };
		50DB7BF01AF2620D005473E7 /* CoreGraphics.framework in Frameworks */ = {isa = PBXBuildFile; fileRef = 50DB7BEF1AF2620D005473E7 /* CoreGraphics.framework */; };
		50DB7BF21AF26218005473E7 /* CoreFoundation.framework in Frameworks */ = {isa = PBXBuildFile; fileRef = 50DB7BF11AF26218005473E7 /* CoreFoundation.framework */; };
		50DB7BF41AF26222005473E7 /* StoreKit.framework in Frameworks */ = {isa = PBXBuildFile; fileRef = 50DB7BF31AF26222005473E7 /* StoreKit.framework */; };
		50DB7BF61AF2622B005473E7 /* Foundation.framework in Frameworks */ = {isa = PBXBuildFile; fileRef = 50DB7BF51AF2622B005473E7 /* Foundation.framework */; };
		50DB7BF81AF2623B005473E7 /* libsqlite3.dylib in Frameworks */ = {isa = PBXBuildFile; fileRef = 50DB7BF71AF2623B005473E7 /* libsqlite3.dylib */; };
		50DB7BFA1AF26248005473E7 /* libz.dylib in Frameworks */ = {isa = PBXBuildFile; fileRef = 50DB7BF91AF26248005473E7 /* libz.dylib */; };
		50DB7BFC1AF26252005473E7 /* AVFoundation.framework in Frameworks */ = {isa = PBXBuildFile; fileRef = 50DB7BFB1AF26252005473E7 /* AVFoundation.framework */; };
		50DB7BFE1AF2625A005473E7 /* UIKit.framework in Frameworks */ = {isa = PBXBuildFile; fileRef = 50DB7BFD1AF2625A005473E7 /* UIKit.framework */; };
		E63D18C21AE5146C00BC500A /* ChatRoomVC.m in Sources */ = {isa = PBXBuildFile; fileRef = E63D18C11AE5146C00BC500A /* ChatRoomVC.m */; };
		E63D18C51AE5278300BC500A /* cam.png in Resources */ = {isa = PBXBuildFile; fileRef = E63D18C31AE5278300BC500A /* cam.png */; };
		E63D18C61AE5278300BC500A /* mic.png in Resources */ = {isa = PBXBuildFile; fileRef = E63D18C41AE5278300BC500A /* mic.png */; };
		E63D18C81AE540FD00BC500A /* send_icon.png in Resources */ = {isa = PBXBuildFile; fileRef = E63D18C71AE540FD00BC500A /* send_icon.png */; };
/* End PBXBuildFile section */

/* Begin PBXContainerItemProxy section */
		0415EB0F1ABB02D9007FD950 /* PBXContainerItemProxy */ = {
			isa = PBXContainerItemProxy;
			containerPortal = 0415EAED1ABB02D8007FD950 /* Project object */;
			proxyType = 1;
			remoteGlobalIDString = 0415EAF41ABB02D8007FD950;
			remoteInfo = VoiceChat;
		};
/* End PBXContainerItemProxy section */

/* Begin PBXFileReference section */
		0415EAF51ABB02D8007FD950 /* VoiceChat.app */ = {isa = PBXFileReference; explicitFileType = wrapper.application; includeInIndex = 0; path = VoiceChat.app; sourceTree = BUILT_PRODUCTS_DIR; };
		0415EAF91ABB02D8007FD950 /* Info.plist */ = {isa = PBXFileReference; lastKnownFileType = text.plist.xml; path = Info.plist; sourceTree = "<group>"; };
		0415EAFA1ABB02D8007FD950 /* main.m */ = {isa = PBXFileReference; lastKnownFileType = sourcecode.c.objc; path = main.m; sourceTree = "<group>"; };
		0415EAFC1ABB02D8007FD950 /* AppDelegate.h */ = {isa = PBXFileReference; lastKnownFileType = sourcecode.c.h; path = AppDelegate.h; sourceTree = "<group>"; };
		0415EAFD1ABB02D8007FD950 /* AppDelegate.m */ = {isa = PBXFileReference; lastKnownFileType = sourcecode.c.objc; path = AppDelegate.m; sourceTree = "<group>"; };
		0415EAFF1ABB02D8007FD950 /* ViewController.h */ = {isa = PBXFileReference; lastKnownFileType = sourcecode.c.h; path = ViewController.h; sourceTree = "<group>"; };
		0415EB001ABB02D9007FD950 /* ViewController.m */ = {isa = PBXFileReference; lastKnownFileType = sourcecode.c.objc; path = ViewController.m; sourceTree = "<group>"; };
		0415EB031ABB02D9007FD950 /* Base */ = {isa = PBXFileReference; lastKnownFileType = file.storyboard; name = Base; path = Base.lproj/Main.storyboard; sourceTree = "<group>"; };
		0415EB051ABB02D9007FD950 /* Images.xcassets */ = {isa = PBXFileReference; lastKnownFileType = folder.assetcatalog; path = Images.xcassets; sourceTree = "<group>"; };
		0415EB081ABB02D9007FD950 /* Base */ = {isa = PBXFileReference; lastKnownFileType = file.xib; name = Base; path = Base.lproj/LaunchScreen.xib; sourceTree = "<group>"; };
		0415EB0E1ABB02D9007FD950 /* VoiceChatTests.xctest */ = {isa = PBXFileReference; explicitFileType = wrapper.cfbundle; includeInIndex = 0; path = VoiceChatTests.xctest; sourceTree = BUILT_PRODUCTS_DIR; };
		0415EB131ABB02D9007FD950 /* Info.plist */ = {isa = PBXFileReference; lastKnownFileType = text.plist.xml; path = Info.plist; sourceTree = "<group>"; };
		0415EB141ABB02D9007FD950 /* VoiceChatTests.m */ = {isa = PBXFileReference; lastKnownFileType = sourcecode.c.objc; path = VoiceChatTests.m; sourceTree = "<group>"; };
		042819B41ABBDCD2006BAF0A /* PhoneNumberViewController.h */ = {isa = PBXFileReference; fileEncoding = 4; lastKnownFileType = sourcecode.c.h; path = PhoneNumberViewController.h; sourceTree = "<group>"; };
		042819B51ABBDCD2006BAF0A /* PhoneNumberViewController.m */ = {isa = PBXFileReference; fileEncoding = 4; lastKnownFileType = sourcecode.c.objc; path = PhoneNumberViewController.m; sourceTree = "<group>"; };
		042819B71ABBDCE4006BAF0A /* VerificationViewController.h */ = {isa = PBXFileReference; fileEncoding = 4; lastKnownFileType = sourcecode.c.h; path = VerificationViewController.h; sourceTree = "<group>"; };
		042819B81ABBDCE4006BAF0A /* VerificationViewController.m */ = {isa = PBXFileReference; fileEncoding = 4; lastKnownFileType = sourcecode.c.objc; path = VerificationViewController.m; sourceTree = "<group>"; };
		0449AE6E1AC3D15D0006B770 /* list.png */ = {isa = PBXFileReference; lastKnownFileType = image.png; path = list.png; sourceTree = "<group>"; };
		046C34051AEF776200C095BD /* Bab.jpg */ = {isa = PBXFileReference; lastKnownFileType = image.jpeg; path = Bab.jpg; sourceTree = "<group>"; };
		046C34071AEF77A400C095BD /* Rat.jpg */ = {isa = PBXFileReference; lastKnownFileType = image.jpeg; path = Rat.jpg; sourceTree = "<group>"; };
		046C34091AEF77AE00C095BD /* Ghost.jpg */ = {isa = PBXFileReference; lastKnownFileType = image.jpeg; path = Ghost.jpg; sourceTree = "<group>"; };
		046C340B1AEF77B700C095BD /* Man.jpg */ = {isa = PBXFileReference; lastKnownFileType = image.jpeg; path = Man.jpg; sourceTree = "<group>"; };
		046C340D1AEF77C200C095BD /* Parrot.jpg */ = {isa = PBXFileReference; lastKnownFileType = image.jpeg; path = Parrot.jpg; sourceTree = "<group>"; };
		046C340F1AEF86C400C095BD /* Cat.jpg */ = {isa = PBXFileReference; lastKnownFileType = image.jpeg; path = Cat.jpg; sourceTree = "<group>"; };
		046C34111AEF86D000C095BD /* Chipmunk.jpg */ = {isa = PBXFileReference; lastKnownFileType = image.jpeg; path = Chipmunk.jpg; sourceTree = "<group>"; };
		046C34151AEF989F00C095BD /* Base */ = {isa = PBXFileReference; lastKnownFileType = file.storyboard; name = Base; path = VoiceChat/Base.lproj/Main_Orginal.storyboard; sourceTree = "<group>"; };
		046C34171AEFA24000C095BD /* UIImage+animatedGIF.h */ = {isa = PBXFileReference; fileEncoding = 4; lastKnownFileType = sourcecode.c.h; path = "UIImage+animatedGIF.h"; sourceTree = "<group>"; };
		046C34181AEFA24000C095BD /* UIImage+animatedGIF.m */ = {isa = PBXFileReference; fileEncoding = 4; lastKnownFileType = sourcecode.c.objc; path = "UIImage+animatedGIF.m"; sourceTree = "<group>"; };
		046C341C1AEFA2E300C095BD /* baby listening.gif */ = {isa = PBXFileReference; lastKnownFileType = image.gif; path = "baby listening.gif"; sourceTree = "<group>"; };
		046C341D1AEFA2E300C095BD /* baby talking.gif */ = {isa = PBXFileReference; lastKnownFileType = image.gif; path = "baby talking.gif"; sourceTree = "<group>"; };
		046C341E1AEFA2E300C095BD /* babywalking.gif */ = {isa = PBXFileReference; lastKnownFileType = image.gif; path = babywalking.gif; sourceTree = "<group>"; };
		046C34201AEFA2E300C095BD /* CAT SHAKIN EARS.gif */ = {isa = PBXFileReference; lastKnownFileType = image.gif; path = "CAT SHAKIN EARS.gif"; sourceTree = "<group>"; };
		046C34211AEFA2E300C095BD /* LISTNIN CAT.gif */ = {isa = PBXFileReference; lastKnownFileType = image.gif; path = "LISTNIN CAT.gif"; sourceTree = "<group>"; };
		046C34221AEFA2E300C095BD /* TALKIN CAT.gif */ = {isa = PBXFileReference; lastKnownFileType = image.gif; path = "TALKIN CAT.gif"; sourceTree = "<group>"; };
		046C34241AEFA2E300C095BD /* CHIP TALKIN.gif */ = {isa = PBXFileReference; lastKnownFileType = image.gif; path = "CHIP TALKIN.gif"; sourceTree = "<group>"; };
		046C34251AEFA2E300C095BD /* chipmunk heaRING.gif */ = {isa = PBXFileReference; lastKnownFileType = image.gif; path = "chipmunk heaRING.gif"; sourceTree = "<group>"; };
		046C34261AEFA2E300C095BD /* chipmunk sleepijn.gif */ = {isa = PBXFileReference; lastKnownFileType = image.gif; path = "chipmunk sleepijn.gif"; sourceTree = "<group>"; };
		046C34281AEFA2E300C095BD /* drunk man listening.gif */ = {isa = PBXFileReference; lastKnownFileType = image.gif; path = "drunk man listening.gif"; sourceTree = "<group>"; };
		046C34291AEFA2E300C095BD /* drunk man thallaadifying.gif */ = {isa = PBXFileReference; lastKnownFileType = image.gif; path = "drunk man thallaadifying.gif"; sourceTree = "<group>"; };
		046C342A1AEFA2E300C095BD /* man speakin.gif */ = {isa = PBXFileReference; lastKnownFileType = image.gif; path = "man speakin.gif"; sourceTree = "<group>"; };
		046C342C1AEFA2E300C095BD /* ghost listenng.gif */ = {isa = PBXFileReference; lastKnownFileType = image.gif; path = "ghost listenng.gif"; sourceTree = "<group>"; };
		046C342D1AEFA2E300C095BD /* ghost roaming.gif */ = {isa = PBXFileReference; lastKnownFileType = image.gif; path = "ghost roaming.gif"; sourceTree = "<group>"; };
		046C342E1AEFA2E300C095BD /* ghost talkihn.gif */ = {isa = PBXFileReference; lastKnownFileType = image.gif; path = "ghost talkihn.gif"; sourceTree = "<group>"; };
		046C34301AEFA2E300C095BD /* mouse eating.gif */ = {isa = PBXFileReference; lastKnownFileType = image.gif; path = "mouse eating.gif"; sourceTree = "<group>"; };
		046C34311AEFA2E300C095BD /* mouse listening.gif */ = {isa = PBXFileReference; lastKnownFileType = image.gif; path = "mouse listening.gif"; sourceTree = "<group>"; };
		046C34321AEFA2E300C095BD /* mouse speakin.gif */ = {isa = PBXFileReference; lastKnownFileType = image.gif; path = "mouse speakin.gif"; sourceTree = "<group>"; };
		046C34341AEFA2E300C095BD /* parrot listening.gif */ = {isa = PBXFileReference; lastKnownFileType = image.gif; path = "parrot listening.gif"; sourceTree = "<group>"; };
		046C34351AEFA2E300C095BD /* parrot reading.gif */ = {isa = PBXFileReference; lastKnownFileType = image.gif; path = "parrot reading.gif"; sourceTree = "<group>"; };
		046C34361AEFA2E300C095BD /* parrot talking.gif */ = {isa = PBXFileReference; lastKnownFileType = image.gif; path = "parrot talking.gif"; sourceTree = "<group>"; };
		046FB3631AE7806E005A1416 /* RestCall.h */ = {isa = PBXFileReference; fileEncoding = 4; lastKnownFileType = sourcecode.c.h; path = RestCall.h; sourceTree = "<group>"; };
		046FB3641AE7806E005A1416 /* RestCall.m */ = {isa = PBXFileReference; fileEncoding = 4; lastKnownFileType = sourcecode.c.objc; path = RestCall.m; sourceTree = "<group>"; };
		046FB3651AE7806E005A1416 /* URLConnection.h */ = {isa = PBXFileReference; fileEncoding = 4; lastKnownFileType = sourcecode.c.h; path = URLConnection.h; sourceTree = "<group>"; };
		046FB3661AE7806E005A1416 /* URLConnection.m */ = {isa = PBXFileReference; fileEncoding = 4; lastKnownFileType = sourcecode.c.objc; path = URLConnection.m; sourceTree = "<group>"; };
		046FB36A1AE78081005A1416 /* Constants.h */ = {isa = PBXFileReference; lastKnownFileType = sourcecode.c.h; path = Constants.h; sourceTree = "<group>"; };
		046FB36B1AE78928005A1416 /* Utils.h */ = {isa = PBXFileReference; fileEncoding = 4; lastKnownFileType = sourcecode.c.h; path = Utils.h; sourceTree = "<group>"; };
		046FB36C1AE78928005A1416 /* Utils.m */ = {isa = PBXFileReference; fileEncoding = 4; lastKnownFileType = sourcecode.c.objc; path = Utils.m; sourceTree = "<group>"; };
		04F935D81AC9812A00C4B064 /* detail.png */ = {isa = PBXFileReference; lastKnownFileType = image.png; name = detail.png; path = ../detail.png; sourceTree = "<group>"; };
		04F935DA1AC9815000C4B064 /* ic_arrow_left.png */ = {isa = PBXFileReference; lastKnownFileType = image.png; name = ic_arrow_left.png; path = ../ic_arrow_left.png; sourceTree = "<group>"; };
		04F935DC1AC9820F00C4B064 /* Profile-hdpi.png */ = {isa = PBXFileReference; lastKnownFileType = image.png; name = "Profile-hdpi.png"; path = "../Profile-hdpi.png"; sourceTree = "<group>"; };
		04F935DE1AC9829700C4B064 /* menu-4.png */ = {isa = PBXFileReference; lastKnownFileType = image.png; name = "menu-4.png"; path = "../menu-4.png"; sourceTree = "<group>"; };
		04F935E01AC9835E00C4B064 /* ContactViewController.h */ = {isa = PBXFileReference; fileEncoding = 4; lastKnownFileType = sourcecode.c.h; path = ContactViewController.h; sourceTree = "<group>"; };
		04F935E11AC9835E00C4B064 /* ContactViewController.m */ = {isa = PBXFileReference; fileEncoding = 4; lastKnownFileType = sourcecode.c.objc; path = ContactViewController.m; sourceTree = "<group>"; };
		04FCD7F41AC2F0460025C1C2 /* ChatViewController.h */ = {isa = PBXFileReference; fileEncoding = 4; lastKnownFileType = sourcecode.c.h; path = ChatViewController.h; sourceTree = "<group>"; };
		04FCD7F51AC2F0460025C1C2 /* ChatViewController.m */ = {isa = PBXFileReference; fileEncoding = 4; lastKnownFileType = sourcecode.c.objc; path = ChatViewController.m; sourceTree = "<group>"; };
		50DB7BD81AF261D7005473E7 /* FMDatabaseQueue.h */ = {isa = PBXFileReference; fileEncoding = 4; lastKnownFileType = sourcecode.c.h; path = FMDatabaseQueue.h; sourceTree = "<group>"; };
		50DB7BD91AF261D7005473E7 /* FMDatabaseQueue.m */ = {isa = PBXFileReference; fileEncoding = 4; lastKnownFileType = sourcecode.c.objc; path = FMDatabaseQueue.m; sourceTree = "<group>"; };
		50DB7BDA1AF261D7005473E7 /* FMDatabasePool.h */ = {isa = PBXFileReference; fileEncoding = 4; lastKnownFileType = sourcecode.c.h; path = FMDatabasePool.h; sourceTree = "<group>"; };
		50DB7BDB1AF261D7005473E7 /* FMDatabasePool.m */ = {isa = PBXFileReference; fileEncoding = 4; lastKnownFileType = sourcecode.c.objc; path = FMDatabasePool.m; sourceTree = "<group>"; };
		50DB7BDC1AF261D7005473E7 /* FMDatabase.h */ = {isa = PBXFileReference; fileEncoding = 4; lastKnownFileType = sourcecode.c.h; path = FMDatabase.h; sourceTree = "<group>"; };
		50DB7BDD1AF261D7005473E7 /* FMDatabase.m */ = {isa = PBXFileReference; fileEncoding = 4; lastKnownFileType = sourcecode.c.objc; path = FMDatabase.m; sourceTree = "<group>"; };
		50DB7BDE1AF261D7005473E7 /* FMResultSet.h */ = {isa = PBXFileReference; fileEncoding = 4; lastKnownFileType = sourcecode.c.h; path = FMResultSet.h; sourceTree = "<group>"; };
		50DB7BDF1AF261D7005473E7 /* FMResultSet.m */ = {isa = PBXFileReference; fileEncoding = 4; lastKnownFileType = sourcecode.c.objc; path = FMResultSet.m; sourceTree = "<group>"; };
		50DB7BE01AF261D7005473E7 /* FMDatabaseAdditions.h */ = {isa = PBXFileReference; fileEncoding = 4; lastKnownFileType = sourcecode.c.h; path = FMDatabaseAdditions.h; sourceTree = "<group>"; };
		50DB7BE11AF261D7005473E7 /* FMDatabaseAdditions.m */ = {isa = PBXFileReference; fileEncoding = 4; lastKnownFileType = sourcecode.c.objc; path = FMDatabaseAdditions.m; sourceTree = "<group>"; };
		50DB7BE21AF261D7005473E7 /* FMDatabase+InMemoryOnDiskIO.h */ = {isa = PBXFileReference; fileEncoding = 4; lastKnownFileType = sourcecode.c.h; path = "FMDatabase+InMemoryOnDiskIO.h"; sourceTree = "<group>"; };
		50DB7BE31AF261D7005473E7 /* FMDatabase+InMemoryOnDiskIO.m */ = {isa = PBXFileReference; fileEncoding = 4; lastKnownFileType = sourcecode.c.objc; path = "FMDatabase+InMemoryOnDiskIO.m"; sourceTree = "<group>"; };
		50DB7BEA1AF261E3005473E7 /* Voice_DB.sqlite */ = {isa = PBXFileReference; lastKnownFileType = file; path = Voice_DB.sqlite; sourceTree = "<group>"; };
		50DB7BEC1AF261EC005473E7 /* DBhelper.h */ = {isa = PBXFileReference; fileEncoding = 4; lastKnownFileType = sourcecode.c.h; path = DBhelper.h; sourceTree = "<group>"; };
		50DB7BED1AF261EC005473E7 /* DBhelper.m */ = {isa = PBXFileReference; fileEncoding = 4; lastKnownFileType = sourcecode.c.objc; path = DBhelper.m; sourceTree = "<group>"; };
		50DB7BEF1AF2620D005473E7 /* CoreGraphics.framework */ = {isa = PBXFileReference; lastKnownFileType = wrapper.framework; name = CoreGraphics.framework; path = System/Library/Frameworks/CoreGraphics.framework; sourceTree = SDKROOT; };
		50DB7BF11AF26218005473E7 /* CoreFoundation.framework */ = {isa = PBXFileReference; lastKnownFileType = wrapper.framework; name = CoreFoundation.framework; path = System/Library/Frameworks/CoreFoundation.framework; sourceTree = SDKROOT; };
		50DB7BF31AF26222005473E7 /* StoreKit.framework */ = {isa = PBXFileReference; lastKnownFileType = wrapper.framework; name = StoreKit.framework; path = System/Library/Frameworks/StoreKit.framework; sourceTree = SDKROOT; };
		50DB7BF51AF2622B005473E7 /* Foundation.framework */ = {isa = PBXFileReference; lastKnownFileType = wrapper.framework; name = Foundation.framework; path = System/Library/Frameworks/Foundation.framework; sourceTree = SDKROOT; };
		50DB7BF71AF2623B005473E7 /* libsqlite3.dylib */ = {isa = PBXFileReference; lastKnownFileType = "compiled.mach-o.dylib"; name = libsqlite3.dylib; path = usr/lib/libsqlite3.dylib; sourceTree = SDKROOT; };
		50DB7BF91AF26248005473E7 /* libz.dylib */ = {isa = PBXFileReference; lastKnownFileType = "compiled.mach-o.dylib"; name = libz.dylib; path = usr/lib/libz.dylib; sourceTree = SDKROOT; };
		50DB7BFB1AF26252005473E7 /* AVFoundation.framework */ = {isa = PBXFileReference; lastKnownFileType = wrapper.framework; name = AVFoundation.framework; path = System/Library/Frameworks/AVFoundation.framework; sourceTree = SDKROOT; };
		50DB7BFD1AF2625A005473E7 /* UIKit.framework */ = {isa = PBXFileReference; lastKnownFileType = wrapper.framework; name = UIKit.framework; path = System/Library/Frameworks/UIKit.framework; sourceTree = SDKROOT; };
		E63D18C01AE5146C00BC500A /* ChatRoomVC.h */ = {isa = PBXFileReference; fileEncoding = 4; lastKnownFileType = sourcecode.c.h; path = ChatRoomVC.h; sourceTree = "<group>"; };
		E63D18C11AE5146C00BC500A /* ChatRoomVC.m */ = {isa = PBXFileReference; fileEncoding = 4; lastKnownFileType = sourcecode.c.objc; path = ChatRoomVC.m; sourceTree = "<group>"; };
		E63D18C31AE5278300BC500A /* cam.png */ = {isa = PBXFileReference; lastKnownFileType = image.png; name = cam.png; path = ../cam.png; sourceTree = "<group>"; };
		E63D18C41AE5278300BC500A /* mic.png */ = {isa = PBXFileReference; lastKnownFileType = image.png; name = mic.png; path = ../mic.png; sourceTree = "<group>"; };
		E63D18C71AE540FD00BC500A /* send_icon.png */ = {isa = PBXFileReference; lastKnownFileType = image.png; name = send_icon.png; path = ../send_icon.png; sourceTree = "<group>"; };
/* End PBXFileReference section */

/* Begin PBXFrameworksBuildPhase section */
		0415EAF21ABB02D8007FD950 /* Frameworks */ = {
			isa = PBXFrameworksBuildPhase;
			buildActionMask = 2147483647;
			files = (
				50DB7BFE1AF2625A005473E7 /* UIKit.framework in Frameworks */,
				50DB7BFC1AF26252005473E7 /* AVFoundation.framework in Frameworks */,
				50DB7BFA1AF26248005473E7 /* libz.dylib in Frameworks */,
				50DB7BF81AF2623B005473E7 /* libsqlite3.dylib in Frameworks */,
				50DB7BF61AF2622B005473E7 /* Foundation.framework in Frameworks */,
				50DB7BF41AF26222005473E7 /* StoreKit.framework in Frameworks */,
				50DB7BF21AF26218005473E7 /* CoreFoundation.framework in Frameworks */,
				50DB7BF01AF2620D005473E7 /* CoreGraphics.framework in Frameworks */,
			);
			runOnlyForDeploymentPostprocessing = 0;
		};
		0415EB0B1ABB02D9007FD950 /* Frameworks */ = {
			isa = PBXFrameworksBuildPhase;
			buildActionMask = 2147483647;
			files = (
			);
			runOnlyForDeploymentPostprocessing = 0;
		};
/* End PBXFrameworksBuildPhase section */

/* Begin PBXGroup section */
		0415EAEC1ABB02D8007FD950 = {
			isa = PBXGroup;
			children = (
				50DB7BFD1AF2625A005473E7 /* UIKit.framework */,
				50DB7BFB1AF26252005473E7 /* AVFoundation.framework */,
				50DB7BF91AF26248005473E7 /* libz.dylib */,
				50DB7BF71AF2623B005473E7 /* libsqlite3.dylib */,
				50DB7BF51AF2622B005473E7 /* Foundation.framework */,
				50DB7BF31AF26222005473E7 /* StoreKit.framework */,
				50DB7BF11AF26218005473E7 /* CoreFoundation.framework */,
				50DB7BEF1AF2620D005473E7 /* CoreGraphics.framework */,
				046C34141AEF989F00C095BD /* Main_Orginal.storyboard */,
				046C341A1AEFA2E300C095BD /* ASPIRE */,
				046C34171AEFA24000C095BD /* UIImage+animatedGIF.h */,
				046C34181AEFA24000C095BD /* UIImage+animatedGIF.m */,
				0415EAF71ABB02D8007FD950 /* VoiceChat */,
				0415EB111ABB02D9007FD950 /* VoiceChatTests */,
				0415EAF61ABB02D8007FD950 /* Products */,
			);
			sourceTree = "<group>";
		};
		0415EAF61ABB02D8007FD950 /* Products */ = {
			isa = PBXGroup;
			children = (
				0415EAF51ABB02D8007FD950 /* VoiceChat.app */,
				0415EB0E1ABB02D9007FD950 /* VoiceChatTests.xctest */,
			);
			name = Products;
			sourceTree = "<group>";
		};
		0415EAF71ABB02D8007FD950 /* VoiceChat */ = {
			isa = PBXGroup;
			children = (
				046FB36A1AE78081005A1416 /* Constants.h */,
				046FB36E1AE78936005A1416 /* Utils */,
				046FB3691AE78074005A1416 /* RestCall */,
				E63D18C01AE5146C00BC500A /* ChatRoomVC.h */,
				E63D18C11AE5146C00BC500A /* ChatRoomVC.m */,
				0415EAFC1ABB02D8007FD950 /* AppDelegate.h */,
				0415EAFD1ABB02D8007FD950 /* AppDelegate.m */,
				0415EAFF1ABB02D8007FD950 /* ViewController.h */,
				0415EB001ABB02D9007FD950 /* ViewController.m */,
				042819B41ABBDCD2006BAF0A /* PhoneNumberViewController.h */,
				042819B51ABBDCD2006BAF0A /* PhoneNumberViewController.m */,
				042819B71ABBDCE4006BAF0A /* VerificationViewController.h */,
				042819B81ABBDCE4006BAF0A /* VerificationViewController.m */,
				04FCD7F41AC2F0460025C1C2 /* ChatViewController.h */,
				04FCD7F51AC2F0460025C1C2 /* ChatViewController.m */,
				04F935E01AC9835E00C4B064 /* ContactViewController.h */,
				04F935E11AC9835E00C4B064 /* ContactViewController.m */,
				50DB7BEC1AF261EC005473E7 /* DBhelper.h */,
				50DB7BED1AF261EC005473E7 /* DBhelper.m */,
				50DB7BEA1AF261E3005473E7 /* Voice_DB.sqlite */,
				50DB7BD71AF261CC005473E7 /* FMDB */,
				0415EB021ABB02D9007FD950 /* Main.storyboard */,
				0415EB051ABB02D9007FD950 /* Images.xcassets */,
				0415EB071ABB02D9007FD950 /* LaunchScreen.xib */,
				0415EAF81ABB02D8007FD950 /* Supporting Files */,
			);
			path = VoiceChat;
			sourceTree = "<group>";
		};
		0415EAF81ABB02D8007FD950 /* Supporting Files */ = {
			isa = PBXGroup;
			children = (
				0449AE6E1AC3D15D0006B770 /* list.png */,
				04F935DA1AC9815000C4B064 /* ic_arrow_left.png */,
				E63D18C31AE5278300BC500A /* cam.png */,
				E63D18C41AE5278300BC500A /* mic.png */,
				E63D18C71AE540FD00BC500A /* send_icon.png */,
				04F935DE1AC9829700C4B064 /* menu-4.png */,
				04F935DC1AC9820F00C4B064 /* Profile-hdpi.png */,
				04F935D81AC9812A00C4B064 /* detail.png */,
				046C34131AEF86E200C095BD /* CollectionImages */,
				0415EAF91ABB02D8007FD950 /* Info.plist */,
				0415EAFA1ABB02D8007FD950 /* main.m */,
			);
			name = "Supporting Files";
			sourceTree = "<group>";
		};
		0415EB111ABB02D9007FD950 /* VoiceChatTests */ = {
			isa = PBXGroup;
			children = (
				0415EB141ABB02D9007FD950 /* VoiceChatTests.m */,
				0415EB121ABB02D9007FD950 /* Supporting Files */,
			);
			path = VoiceChatTests;
			sourceTree = "<group>";
		};
		0415EB121ABB02D9007FD950 /* Supporting Files */ = {
			isa = PBXGroup;
			children = (
				0415EB131ABB02D9007FD950 /* Info.plist */,
			);
			name = "Supporting Files";
			sourceTree = "<group>";
		};
		046C34131AEF86E200C095BD /* CollectionImages */ = {
			isa = PBXGroup;
			children = (
				046C340F1AEF86C400C095BD /* Cat.jpg */,
				046C34111AEF86D000C095BD /* Chipmunk.jpg */,
				046C340D1AEF77C200C095BD /* Parrot.jpg */,
				046C34091AEF77AE00C095BD /* Ghost.jpg */,
				046C34071AEF77A400C095BD /* Rat.jpg */,
				046C34051AEF776200C095BD /* Bab.jpg */,
				046C340B1AEF77B700C095BD /* Man.jpg */,
			);
			name = CollectionImages;
			sourceTree = "<group>";
		};
		046C341A1AEFA2E300C095BD /* ASPIRE */ = {
			isa = PBXGroup;
			children = (
				046C341B1AEFA2E300C095BD /* BABY */,
				046C341F1AEFA2E300C095BD /* CAT */,
				046C34231AEFA2E300C095BD /* CHIPMUNK */,
				046C34271AEFA2E300C095BD /* DRUNK */,
				046C342B1AEFA2E300C095BD /* GHOST */,
				046C342F1AEFA2E300C095BD /* MOUSE */,
				046C34331AEFA2E300C095BD /* PARROT */,
			);
			path = ASPIRE;
			sourceTree = "<group>";
		};
		046C341B1AEFA2E300C095BD /* BABY */ = {
			isa = PBXGroup;
			children = (
				046C341C1AEFA2E300C095BD /* baby listening.gif */,
				046C341D1AEFA2E300C095BD /* baby talking.gif */,
				046C341E1AEFA2E300C095BD /* babywalking.gif */,
			);
			path = BABY;
			sourceTree = "<group>";
		};
		046C341F1AEFA2E300C095BD /* CAT */ = {
			isa = PBXGroup;
			children = (
				046C34201AEFA2E300C095BD /* CAT SHAKIN EARS.gif */,
				046C34211AEFA2E300C095BD /* LISTNIN CAT.gif */,
				046C34221AEFA2E300C095BD /* TALKIN CAT.gif */,
			);
			path = CAT;
			sourceTree = "<group>";
		};
		046C34231AEFA2E300C095BD /* CHIPMUNK */ = {
			isa = PBXGroup;
			children = (
				046C34241AEFA2E300C095BD /* CHIP TALKIN.gif */,
				046C34251AEFA2E300C095BD /* chipmunk heaRING.gif */,
				046C34261AEFA2E300C095BD /* chipmunk sleepijn.gif */,
			);
			path = CHIPMUNK;
			sourceTree = "<group>";
		};
		046C34271AEFA2E300C095BD /* DRUNK */ = {
			isa = PBXGroup;
			children = (
				046C34281AEFA2E300C095BD /* drunk man listening.gif */,
				046C34291AEFA2E300C095BD /* drunk man thallaadifying.gif */,
				046C342A1AEFA2E300C095BD /* man speakin.gif */,
			);
			path = DRUNK;
			sourceTree = "<group>";
		};
		046C342B1AEFA2E300C095BD /* GHOST */ = {
			isa = PBXGroup;
			children = (
				046C342C1AEFA2E300C095BD /* ghost listenng.gif */,
				046C342D1AEFA2E300C095BD /* ghost roaming.gif */,
				046C342E1AEFA2E300C095BD /* ghost talkihn.gif */,
			);
			path = GHOST;
			sourceTree = "<group>";
		};
		046C342F1AEFA2E300C095BD /* MOUSE */ = {
			isa = PBXGroup;
			children = (
				046C34301AEFA2E300C095BD /* mouse eating.gif */,
				046C34311AEFA2E300C095BD /* mouse listening.gif */,
				046C34321AEFA2E300C095BD /* mouse speakin.gif */,
			);
			path = MOUSE;
			sourceTree = "<group>";
		};
		046C34331AEFA2E300C095BD /* PARROT */ = {
			isa = PBXGroup;
			children = (
				046C34341AEFA2E300C095BD /* parrot listening.gif */,
				046C34351AEFA2E300C095BD /* parrot reading.gif */,
				046C34361AEFA2E300C095BD /* parrot talking.gif */,
			);
			path = PARROT;
			sourceTree = "<group>";
		};
		046FB3691AE78074005A1416 /* RestCall */ = {
			isa = PBXGroup;
			children = (
				046FB3631AE7806E005A1416 /* RestCall.h */,
				046FB3641AE7806E005A1416 /* RestCall.m */,
				046FB3651AE7806E005A1416 /* URLConnection.h */,
				046FB3661AE7806E005A1416 /* URLConnection.m */,
			);
			name = RestCall;
			sourceTree = "<group>";
		};
		046FB36E1AE78936005A1416 /* Utils */ = {
			isa = PBXGroup;
			children = (
				046FB36B1AE78928005A1416 /* Utils.h */,
				046FB36C1AE78928005A1416 /* Utils.m */,
			);
			name = Utils;
			sourceTree = "<group>";
		};
		50DB7BD71AF261CC005473E7 /* FMDB */ = {
			isa = PBXGroup;
			children = (
				50DB7BD81AF261D7005473E7 /* FMDatabaseQueue.h */,
				50DB7BD91AF261D7005473E7 /* FMDatabaseQueue.m */,
				50DB7BDA1AF261D7005473E7 /* FMDatabasePool.h */,
				50DB7BDB1AF261D7005473E7 /* FMDatabasePool.m */,
				50DB7BDC1AF261D7005473E7 /* FMDatabase.h */,
				50DB7BDD1AF261D7005473E7 /* FMDatabase.m */,
				50DB7BDE1AF261D7005473E7 /* FMResultSet.h */,
				50DB7BDF1AF261D7005473E7 /* FMResultSet.m */,
				50DB7BE01AF261D7005473E7 /* FMDatabaseAdditions.h */,
				50DB7BE11AF261D7005473E7 /* FMDatabaseAdditions.m */,
				50DB7BE21AF261D7005473E7 /* FMDatabase+InMemoryOnDiskIO.h */,
				50DB7BE31AF261D7005473E7 /* FMDatabase+InMemoryOnDiskIO.m */,
			);
			name = FMDB;
			sourceTree = "<group>";
		};
/* End PBXGroup section */

/* Begin PBXNativeTarget section */
		0415EAF41ABB02D8007FD950 /* VoiceChat */ = {
			isa = PBXNativeTarget;
			buildConfigurationList = 0415EB181ABB02D9007FD950 /* Build configuration list for PBXNativeTarget "VoiceChat" */;
			buildPhases = (
				0415EAF11ABB02D8007FD950 /* Sources */,
				0415EAF21ABB02D8007FD950 /* Frameworks */,
				0415EAF31ABB02D8007FD950 /* Resources */,
			);
			buildRules = (
			);
			dependencies = (
			);
			name = VoiceChat;
			productName = VoiceChat;
			productReference = 0415EAF51ABB02D8007FD950 /* VoiceChat.app */;
			productType = "com.apple.product-type.application";
		};
		0415EB0D1ABB02D9007FD950 /* VoiceChatTests */ = {
			isa = PBXNativeTarget;
			buildConfigurationList = 0415EB1B1ABB02D9007FD950 /* Build configuration list for PBXNativeTarget "VoiceChatTests" */;
			buildPhases = (
				0415EB0A1ABB02D9007FD950 /* Sources */,
				0415EB0B1ABB02D9007FD950 /* Frameworks */,
				0415EB0C1ABB02D9007FD950 /* Resources */,
			);
			buildRules = (
			);
			dependencies = (
				0415EB101ABB02D9007FD950 /* PBXTargetDependency */,
			);
			name = VoiceChatTests;
			productName = VoiceChatTests;
			productReference = 0415EB0E1ABB02D9007FD950 /* VoiceChatTests.xctest */;
			productType = "com.apple.product-type.bundle.unit-test";
		};
/* End PBXNativeTarget section */

/* Begin PBXProject section */
		0415EAED1ABB02D8007FD950 /* Project object */ = {
			isa = PBXProject;
			attributes = {
				LastUpgradeCheck = 0600;
				ORGANIZATIONNAME = Vijai;
				TargetAttributes = {
					0415EAF41ABB02D8007FD950 = {
						CreatedOnToolsVersion = 6.0.1;
					};
					0415EB0D1ABB02D9007FD950 = {
						CreatedOnToolsVersion = 6.0.1;
						TestTargetID = 0415EAF41ABB02D8007FD950;
					};
				};
			};
			buildConfigurationList = 0415EAF01ABB02D8007FD950 /* Build configuration list for PBXProject "VoiceChat" */;
			compatibilityVersion = "Xcode 3.2";
			developmentRegion = English;
			hasScannedForEncodings = 0;
			knownRegions = (
				en,
				Base,
			);
			mainGroup = 0415EAEC1ABB02D8007FD950;
			productRefGroup = 0415EAF61ABB02D8007FD950 /* Products */;
			projectDirPath = "";
			projectRoot = "";
			targets = (
				0415EAF41ABB02D8007FD950 /* VoiceChat */,
				0415EB0D1ABB02D9007FD950 /* VoiceChatTests */,
			);
		};
/* End PBXProject section */

/* Begin PBXResourcesBuildPhase section */
		0415EAF31ABB02D8007FD950 /* Resources */ = {
			isa = PBXResourcesBuildPhase;
			buildActionMask = 2147483647;
			files = (
				046C344B1AEFA2E300C095BD /* parrot talking.gif in Resources */,
				0449AE6F1AC3D15D0006B770 /* list.png in Resources */,
				046C343A1AEFA2E300C095BD /* CAT SHAKIN EARS.gif in Resources */,
				E63D18C61AE5278300BC500A /* mic.png in Resources */,
				046C340A1AEF77AE00C095BD /* Ghost.jpg in Resources */,
				046C344A1AEFA2E300C095BD /* parrot reading.gif in Resources */,
				046C343B1AEFA2E300C095BD /* LISTNIN CAT.gif in Resources */,
				046C34451AEFA2E300C095BD /* ghost talkihn.gif in Resources */,
				E63D18C81AE540FD00BC500A /* send_icon.png in Resources */,
				046C34491AEFA2E300C095BD /* parrot listening.gif in Resources */,
				0415EB041ABB02D9007FD950 /* Main.storyboard in Resources */,
				04F935DD1AC9820F00C4B064 /* Profile-hdpi.png in Resources */,
				046C34421AEFA2E300C095BD /* man speakin.gif in Resources */,
				046C34101AEF86C400C095BD /* Cat.jpg in Resources */,
				046C340C1AEF77B700C095BD /* Man.jpg in Resources */,
				046C34401AEFA2E300C095BD /* drunk man listening.gif in Resources */,
				04F935DF1AC9829700C4B064 /* menu-4.png in Resources */,
				046C34481AEFA2E300C095BD /* mouse speakin.gif in Resources */,
				046C34371AEFA2E300C095BD /* baby listening.gif in Resources */,
				046C34381AEFA2E300C095BD /* baby talking.gif in Resources */,
				04F935D91AC9812A00C4B064 /* detail.png in Resources */,
				046C34121AEF86D000C095BD /* Chipmunk.jpg in Resources */,
				50DB7BEB1AF261E3005473E7 /* Voice_DB.sqlite in Resources */,
				0415EB091ABB02D9007FD950 /* LaunchScreen.xib in Resources */,
				046C343D1AEFA2E300C095BD /* CHIP TALKIN.gif in Resources */,
				046C34461AEFA2E300C095BD /* mouse eating.gif in Resources */,
				E63D18C51AE5278300BC500A /* cam.png in Resources */,
				046C34411AEFA2E300C095BD /* drunk man thallaadifying.gif in Resources */,
				046C34161AEF989F00C095BD /* Main_Orginal.storyboard in Resources */,
				046C34081AEF77A400C095BD /* Rat.jpg in Resources */,
				04F935DB1AC9815000C4B064 /* ic_arrow_left.png in Resources */,
				046C343C1AEFA2E300C095BD /* TALKIN CAT.gif in Resources */,
				046C34391AEFA2E300C095BD /* babywalking.gif in Resources */,
				046C340E1AEF77C200C095BD /* Parrot.jpg in Resources */,
				0415EB061ABB02D9007FD950 /* Images.xcassets in Resources */,
				046C34061AEF776200C095BD /* Bab.jpg in Resources */,
				046C343F1AEFA2E300C095BD /* chipmunk sleepijn.gif in Resources */,
				046C343E1AEFA2E300C095BD /* chipmunk heaRING.gif in Resources */,
				046C34471AEFA2E300C095BD /* mouse listening.gif in Resources */,
				046C34441AEFA2E300C095BD /* ghost roaming.gif in Resources */,
				046C34431AEFA2E300C095BD /* ghost listenng.gif in Resources */,
			);
			runOnlyForDeploymentPostprocessing = 0;
		};
		0415EB0C1ABB02D9007FD950 /* Resources */ = {
			isa = PBXResourcesBuildPhase;
			buildActionMask = 2147483647;
			files = (
			);
			runOnlyForDeploymentPostprocessing = 0;
		};
/* End PBXResourcesBuildPhase section */

/* Begin PBXSourcesBuildPhase section */
		0415EAF11ABB02D8007FD950 /* Sources */ = {
			isa = PBXSourcesBuildPhase;
			buildActionMask = 2147483647;
			files = (
				046FB3671AE7806E005A1416 /* RestCall.m in Sources */,
				046C34191AEFA24000C095BD /* UIImage+animatedGIF.m in Sources */,
				046FB36D1AE78928005A1416 /* Utils.m in Sources */,
				50DB7BE61AF261D7005473E7 /* FMDatabase.m in Sources */,
				50DB7BE81AF261D7005473E7 /* FMDatabaseAdditions.m in Sources */,
				50DB7BE91AF261D7005473E7 /* FMDatabase+InMemoryOnDiskIO.m in Sources */,
				04F935E21AC9835E00C4B064 /* ContactViewController.m in Sources */,
				50DB7BEE1AF261EC005473E7 /* DBhelper.m in Sources */,
				50DB7BE41AF261D7005473E7 /* FMDatabaseQueue.m in Sources */,
				50DB7BE71AF261D7005473E7 /* FMResultSet.m in Sources */,
				042819B61ABBDCD2006BAF0A /* PhoneNumberViewController.m in Sources */,
				042819B91ABBDCE4006BAF0A /* VerificationViewController.m in Sources */,
				04FCD7F61AC2F0460025C1C2 /* ChatViewController.m in Sources */,
				046FB3681AE7806E005A1416 /* URLConnection.m in Sources */,
				0415EB011ABB02D9007FD950 /* ViewController.m in Sources */,
				E63D18C21AE5146C00BC500A /* ChatRoomVC.m in Sources */,
				50DB7BE51AF261D7005473E7 /* FMDatabasePool.m in Sources */,
				0415EAFE1ABB02D8007FD950 /* AppDelegate.m in Sources */,
				0415EAFB1ABB02D8007FD950 /* main.m in Sources */,
			);
			runOnlyForDeploymentPostprocessing = 0;
		};
		0415EB0A1ABB02D9007FD950 /* Sources */ = {
			isa = PBXSourcesBuildPhase;
			buildActionMask = 2147483647;
			files = (
				0415EB151ABB02D9007FD950 /* VoiceChatTests.m in Sources */,
			);
			runOnlyForDeploymentPostprocessing = 0;
		};
/* End PBXSourcesBuildPhase section */

/* Begin PBXTargetDependency section */
		0415EB101ABB02D9007FD950 /* PBXTargetDependency */ = {
			isa = PBXTargetDependency;
			target = 0415EAF41ABB02D8007FD950 /* VoiceChat */;
			targetProxy = 0415EB0F1ABB02D9007FD950 /* PBXContainerItemProxy */;
		};
/* End PBXTargetDependency section */

/* Begin PBXVariantGroup section */
		0415EB021ABB02D9007FD950 /* Main.storyboard */ = {
			isa = PBXVariantGroup;
			children = (
				0415EB031ABB02D9007FD950 /* Base */,
			);
			name = Main.storyboard;
			sourceTree = "<group>";
		};
		0415EB071ABB02D9007FD950 /* LaunchScreen.xib */ = {
			isa = PBXVariantGroup;
			children = (
				0415EB081ABB02D9007FD950 /* Base */,
			);
			name = LaunchScreen.xib;
			sourceTree = "<group>";
		};
		046C34141AEF989F00C095BD /* Main_Orginal.storyboard */ = {
			isa = PBXVariantGroup;
			children = (
				046C34151AEF989F00C095BD /* Base */,
			);
			name = Main_Orginal.storyboard;
			sourceTree = "<group>";
		};
/* End PBXVariantGroup section */

/* Begin XCBuildConfiguration section */
		0415EB161ABB02D9007FD950 /* Debug */ = {
			isa = XCBuildConfiguration;
			buildSettings = {
				ALWAYS_SEARCH_USER_PATHS = NO;
				CLANG_CXX_LANGUAGE_STANDARD = "gnu++0x";
				CLANG_CXX_LIBRARY = "libc++";
				CLANG_ENABLE_MODULES = YES;
				CLANG_ENABLE_OBJC_ARC = YES;
				CLANG_WARN_BOOL_CONVERSION = YES;
				CLANG_WARN_CONSTANT_CONVERSION = YES;
				CLANG_WARN_DIRECT_OBJC_ISA_USAGE = YES_ERROR;
				CLANG_WARN_EMPTY_BODY = YES;
				CLANG_WARN_ENUM_CONVERSION = YES;
				CLANG_WARN_INT_CONVERSION = YES;
				CLANG_WARN_OBJC_ROOT_CLASS = YES_ERROR;
				CLANG_WARN_UNREACHABLE_CODE = YES;
				CLANG_WARN__DUPLICATE_METHOD_MATCH = YES;
				"CODE_SIGN_IDENTITY[sdk=iphoneos*]" = "iPhone Developer";
				COPY_PHASE_STRIP = NO;
				ENABLE_STRICT_OBJC_MSGSEND = YES;
				GCC_C_LANGUAGE_STANDARD = gnu99;
				GCC_DYNAMIC_NO_PIC = NO;
				GCC_OPTIMIZATION_LEVEL = 0;
				GCC_PREPROCESSOR_DEFINITIONS = (
					"DEBUG=1",
					"$(inherited)",
				);
				GCC_SYMBOLS_PRIVATE_EXTERN = NO;
				GCC_WARN_64_TO_32_BIT_CONVERSION = YES;
				GCC_WARN_ABOUT_RETURN_TYPE = YES_ERROR;
				GCC_WARN_UNDECLARED_SELECTOR = YES;
				GCC_WARN_UNINITIALIZED_AUTOS = YES_AGGRESSIVE;
				GCC_WARN_UNUSED_FUNCTION = YES;
				GCC_WARN_UNUSED_VARIABLE = YES;
				IPHONEOS_DEPLOYMENT_TARGET = 8.0;
				MTL_ENABLE_DEBUG_INFO = YES;
				ONLY_ACTIVE_ARCH = YES;
				SDKROOT = iphoneos;
				TARGETED_DEVICE_FAMILY = "1,2";
			};
			name = Debug;
		};
		0415EB171ABB02D9007FD950 /* Release */ = {
			isa = XCBuildConfiguration;
			buildSettings = {
				ALWAYS_SEARCH_USER_PATHS = NO;
				CLANG_CXX_LANGUAGE_STANDARD = "gnu++0x";
				CLANG_CXX_LIBRARY = "libc++";
				CLANG_ENABLE_MODULES = YES;
				CLANG_ENABLE_OBJC_ARC = YES;
				CLANG_WARN_BOOL_CONVERSION = YES;
				CLANG_WARN_CONSTANT_CONVERSION = YES;
				CLANG_WARN_DIRECT_OBJC_ISA_USAGE = YES_ERROR;
				CLANG_WARN_EMPTY_BODY = YES;
				CLANG_WARN_ENUM_CONVERSION = YES;
				CLANG_WARN_INT_CONVERSION = YES;
				CLANG_WARN_OBJC_ROOT_CLASS = YES_ERROR;
				CLANG_WARN_UNREACHABLE_CODE = YES;
				CLANG_WARN__DUPLICATE_METHOD_MATCH = YES;
				"CODE_SIGN_IDENTITY[sdk=iphoneos*]" = "iPhone Developer";
				COPY_PHASE_STRIP = YES;
				ENABLE_NS_ASSERTIONS = NO;
				ENABLE_STRICT_OBJC_MSGSEND = YES;
				GCC_C_LANGUAGE_STANDARD = gnu99;
				GCC_WARN_64_TO_32_BIT_CONVERSION = YES;
				GCC_WARN_ABOUT_RETURN_TYPE = YES_ERROR;
				GCC_WARN_UNDECLARED_SELECTOR = YES;
				GCC_WARN_UNINITIALIZED_AUTOS = YES_AGGRESSIVE;
				GCC_WARN_UNUSED_FUNCTION = YES;
				GCC_WARN_UNUSED_VARIABLE = YES;
				IPHONEOS_DEPLOYMENT_TARGET = 8.0;
				MTL_ENABLE_DEBUG_INFO = NO;
				SDKROOT = iphoneos;
				TARGETED_DEVICE_FAMILY = "1,2";
				VALIDATE_PRODUCT = YES;
			};
			name = Release;
		};
		0415EB191ABB02D9007FD950 /* Debug */ = {
			isa = XCBuildConfiguration;
			buildSettings = {
				ASSETCATALOG_COMPILER_APPICON_NAME = AppIcon;
				CODE_SIGN_IDENTITY = "iPhone Developer";
				INFOPLIST_FILE = VoiceChat/Info.plist;
				IPHONEOS_DEPLOYMENT_TARGET = 7.1;
				LD_RUNPATH_SEARCH_PATHS = "$(inherited) @executable_path/Frameworks";
				PRODUCT_NAME = "$(TARGET_NAME)";
			};
			name = Debug;
		};
		0415EB1A1ABB02D9007FD950 /* Release */ = {
			isa = XCBuildConfiguration;
			buildSettings = {
				ASSETCATALOG_COMPILER_APPICON_NAME = AppIcon;
				CODE_SIGN_IDENTITY = "iPhone Developer";
				INFOPLIST_FILE = VoiceChat/Info.plist;
				IPHONEOS_DEPLOYMENT_TARGET = 7.1;
				LD_RUNPATH_SEARCH_PATHS = "$(inherited) @executable_path/Frameworks";
				PRODUCT_NAME = "$(TARGET_NAME)";
			};
			name = Release;
		};
		0415EB1C1ABB02D9007FD950 /* Debug */ = {
			isa = XCBuildConfiguration;
			buildSettings = {
				BUNDLE_LOADER = "$(TEST_HOST)";
				FRAMEWORK_SEARCH_PATHS = (
					"$(SDKROOT)/Developer/Library/Frameworks",
					"$(inherited)",
				);
				GCC_PREPROCESSOR_DEFINITIONS = (
					"DEBUG=1",
					"$(inherited)",
				);
				INFOPLIST_FILE = VoiceChatTests/Info.plist;
				LD_RUNPATH_SEARCH_PATHS = "$(inherited) @executable_path/Frameworks @loader_path/Frameworks";
				PRODUCT_NAME = "$(TARGET_NAME)";
				TEST_HOST = "$(BUILT_PRODUCTS_DIR)/VoiceChat.app/VoiceChat";
			};
			name = Debug;
		};
		0415EB1D1ABB02D9007FD950 /* Release */ = {
			isa = XCBuildConfiguration;
			buildSettings = {
				BUNDLE_LOADER = "$(TEST_HOST)";
				FRAMEWORK_SEARCH_PATHS = (
					"$(SDKROOT)/Developer/Library/Frameworks",
					"$(inherited)",
				);
				INFOPLIST_FILE = VoiceChatTests/Info.plist;
				LD_RUNPATH_SEARCH_PATHS = "$(inherited) @executable_path/Frameworks @loader_path/Frameworks";
				PRODUCT_NAME = "$(TARGET_NAME)";
				TEST_HOST = "$(BUILT_PRODUCTS_DIR)/VoiceChat.app/VoiceChat";
			};
			name = Release;
		};
/* End XCBuildConfiguration section */

/* Begin XCConfigurationList section */
		0415EAF01ABB02D8007FD950 /* Build configuration list for PBXProject "VoiceChat" */ = {
			isa = XCConfigurationList;
			buildConfigurations = (
				0415EB161ABB02D9007FD950 /* Debug */,
				0415EB171ABB02D9007FD950 /* Release */,
			);
			defaultConfigurationIsVisible = 0;
			defaultConfigurationName = Release;
		};
		0415EB181ABB02D9007FD950 /* Build configuration list for PBXNativeTarget "VoiceChat" */ = {
			isa = XCConfigurationList;
			buildConfigurations = (
				0415EB191ABB02D9007FD950 /* Debug */,
				0415EB1A1ABB02D9007FD950 /* Release */,
			);
			defaultConfigurationIsVisible = 0;
			defaultConfigurationName = Release;
		};
		0415EB1B1ABB02D9007FD950 /* Build configuration list for PBXNativeTarget "VoiceChatTests" */ = {
			isa = XCConfigurationList;
			buildConfigurations = (
				0415EB1C1ABB02D9007FD950 /* Debug */,
				0415EB1D1ABB02D9007FD950 /* Release */,
			);
			defaultConfigurationIsVisible = 0;
			defaultConfigurationName = Release;
		};
/* End XCConfigurationList section */
	};
	rootObject = 0415EAED1ABB02D8007FD950 /* Project object */;
}
